
Microsoft Visual Studio Solution File, Format Version 12.00
# Visual Studio Version 17
VisualStudioVersion = 17.1.32421.90
MinimumVisualStudioVersion = 10.0.40219.1
Project("{FAE04EC0-301F-11D3-BF4B-00C04F79EFBC}") = "csharp-agenzia", "csharp-agenzia.csproj", "{AD412458-5C75-442E-B5C0-C525CD55A0A3}"
EndProject
Global
	GlobalSection(SolutionConfigurationPlatforms) = preSolution
		Debug|Any CPU = Debug|Any CPU
		Release|Any CPU = Release|Any CPU
	EndGlobalSection
	GlobalSection(ProjectConfigurationPlatforms) = postSolution
		{AD412458-5C75-442E-B5C0-C525CD55A0A3}.Debug|Any CPU.ActiveCfg = Debug|Any CPU
		{AD412458-5C75-442E-B5C0-C525CD55A0A3}.Debug|Any CPU.Build.0 = Debug|Any CPU
		{AD412458-5C75-442E-B5C0-C525CD55A0A3}.Release|Any CPU.ActiveCfg = Release|Any CPU
		{AD412458-5C75-442E-B5C0-C525CD55A0A3}.Release|Any CPU.Build.0 = Release|Any CPU
	EndGlobalSection
	GlobalSection(SolutionProperties) = preSolution
		HideSolutionNode = FALSE
	EndGlobalSection
	GlobalSection(ExtensibilityGlobals) = postSolution
		SolutionGuid = {D268FD68-915F-4204-A5BA-1821481A5C08}
	EndGlobalSection
EndGlobal
